
Microsoft Visual Studio Solution File, Format Version 12.00
# Visual Studio 15
VisualStudioVersion = 15.0.28010.2026
MinimumVisualStudioVersion = 10.0.40219.1
Project("{FAE04EC0-301F-11D3-BF4B-00C04F79EFBC}") = "Test", "Test\Test.csproj", "{2C1BDD02-7E55-4667-A902-317A8A8CC25D}"
EndProject
Project("{FAE04EC0-301F-11D3-BF4B-00C04F79EFBC}") = "GMWilddog", "GMWilddog\GMWilddog.csproj", "{C7934A30-8405-4885-A7C9-E485C1777A2E}"
EndProject
Global
	GlobalSection(SolutionConfigurationPlatforms) = preSolution
		Debug|Any CPU = Debug|Any CPU
		Release|Any CPU = Release|Any CPU
	EndGlobalSection
	GlobalSection(ProjectConfigurationPlatforms) = postSolution
		{2C1BDD02-7E55-4667-A902-317A8A8CC25D}.Debug|Any CPU.ActiveCfg = Debug|Any CPU
		{2C1BDD02-7E55-4667-A902-317A8A8CC25D}.Debug|Any CPU.Build.0 = Debug|Any CPU
		{2C1BDD02-7E55-4667-A902-317A8A8CC25D}.Release|Any CPU.ActiveCfg = Release|Any CPU
		{2C1BDD02-7E55-4667-A902-317A8A8CC25D}.Release|Any CPU.Build.0 = Release|Any CPU
		{C7934A30-8405-4885-A7C9-E485C1777A2E}.Debug|Any CPU.ActiveCfg = Debug|Any CPU
		{C7934A30-8405-4885-A7C9-E485C1777A2E}.Debug|Any CPU.Build.0 = Debug|Any CPU
		{C7934A30-8405-4885-A7C9-E485C1777A2E}.Release|Any CPU.ActiveCfg = Release|Any CPU
		{C7934A30-8405-4885-A7C9-E485C1777A2E}.Release|Any CPU.Build.0 = Release|Any CPU
	EndGlobalSection
	GlobalSection(SolutionProperties) = preSolution
		HideSolutionNode = FALSE
	EndGlobalSection
	GlobalSection(ExtensibilityGlobals) = postSolution
		SolutionGuid = {4D348B68-F896-4964-8EE1-89390C328E09}
	EndGlobalSection
EndGlobal
